{
  "name": "zora-reporters",
  "requires": true,
  "lockfileVersion": 1,
  "dependencies": {
    "@types/estree": {
      "version": "0.0.40",
      "resolved": "https://registry.npmjs.org/@types/estree/-/estree-0.0.40.tgz",
      "integrity": "sha512-p3KZgMto/JyxosKGmnLDJ/dG5wf+qTRMUjHJcspC2oQKa4jP7mz+tv0ND56lLBu3ojHlhzY33Ol+khLyNmilkA==",
      "dev": true
    },
    "@types/node": {
      "version": "12.12.16",
      "resolved": "https://registry.npmjs.org/@types/node/-/node-12.12.16.tgz",
      "integrity": "sha512-vRuMyoOr5yfNf8QWxXegOjeyjpWJxFePzHzmBOIzDIzo+rSqF94RW0PkS6y4T2+VjAWLXHWrfbIJY3E3aS7lUw==",
      "dev": true
    },
    "acorn": {
      "version": "7.1.0",
      "resolved": "https://registry.npmjs.org/acorn/-/acorn-7.1.0.tgz",
      "integrity": "sha512-kL5CuoXA/dgxlBbVrflsflzQ3PAas7RYZB52NOm/6839iVYJgKMJ3cQJD+t2i5+qFa8h3MDpEOJiS64E8JLnSQ==",
      "dev": true
    },
    "fast-deep-equal": {
      "version": "2.0.1",
      "resolved": "https://registry.npmjs.org/fast-deep-equal/-/fast-deep-equal-2.0.1.tgz",
      "integrity": "sha1-ewUhjd+WZ79/Nwv3/bLLFf3Qqkk=",
      "dev": true
    },
    "rollup": {
      "version": "1.27.9",
      "resolved": "https://registry.npmjs.org/rollup/-/rollup-1.27.9.tgz",
      "integrity": "sha512-8AfW4cJTPZfG6EXWwT/ujL4owUsDI1Xl8J1t+hvK4wDX81F5I4IbwP9gvGbHzxnV19fnU4rRABZQwZSX9J402Q==",
      "dev": true,
      "requires": {
        "@types/estree": "*",
        "@types/node": "*",
        "acorn": "^7.1.0"
      }
    },
    "typescript": {
      "version": "3.7.3",
      "resolved": "https://registry.npmjs.org/typescript/-/typescript-3.7.3.tgz",
      "integrity": "sha512-Mcr/Qk7hXqFBXMN7p7Lusj1ktCBydylfQM/FZCk5glCNQJrCUKPkMHdo9R0MTFWsC/4kPFvDS0fDPvukfCkFsw==",
      "dev": true
    },
    "zora": {
      "version": "3.1.6",
      "resolved": "https://registry.npmjs.org/zora/-/zora-3.1.6.tgz",
      "integrity": "sha512-qagFIG2Yd/lNr/SXFwCrVefY4NyMCvqxId5O1VveMWWsrn6jl7PpgFZl2s4vHgga646zCmiiEnp/df+HHGByTw==",
      "dev": true,
      "requires": {
        "fast-deep-equal": "^2.0.1"
      }
    }
  }
}
